
Microsoft Visual Studio Solution File, Format Version 12.00
# Visual Studio Version 16
VisualStudioVersion = 16.0.31112.23
MinimumVisualStudioVersion = 10.0.40219.1
Project("{FAE04EC0-301F-11D3-BF4B-00C04F79EFBC}") = "WebApi", "WebApi\WebApi.csproj", "{FDA6A6CB-CF18-4298-90C0-C4DFC2C73EDD}"
EndProject
Global
	GlobalSection(SolutionConfigurationPlatforms) = preSolution
		Debug|Any CPU = Debug|Any CPU
		Release|Any CPU = Release|Any CPU
	EndGlobalSection
	GlobalSection(ProjectConfigurationPlatforms) = postSolution
		{FDA6A6CB-CF18-4298-90C0-C4DFC2C73EDD}.Debug|Any CPU.ActiveCfg = Debug|Any CPU
		{FDA6A6CB-CF18-4298-90C0-C4DFC2C73EDD}.Debug|Any CPU.Build.0 = Debug|Any CPU
		{FDA6A6CB-CF18-4298-90C0-C4DFC2C73EDD}.Release|Any CPU.ActiveCfg = Release|Any CPU
		{FDA6A6CB-CF18-4298-90C0-C4DFC2C73EDD}.Release|Any CPU.Build.0 = Release|Any CPU
	EndGlobalSection
	GlobalSection(SolutionProperties) = preSolution
		HideSolutionNode = FALSE
	EndGlobalSection
	GlobalSection(ExtensibilityGlobals) = postSolution
		SolutionGuid = {F49F7D32-9942-4D68-8991-54B0D3A25013}
	EndGlobalSection
EndGlobal
